
Microsoft Visual Studio Solution File, Format Version 12.00
# Visual Studio Version 17
VisualStudioVersion = 17.4.33213.308
MinimumVisualStudioVersion = 10.0.40219.1
Project("{9A19103F-16F7-4668-BE54-9A1E7A4F7556}") = "Pegaso.WebAPI", "Pegaso.WebAPI.csproj", "{D7B6A559-CB4C-4FDF-8431-C7D150F9D59C}"
EndProject
Project("{2150E333-8FDC-42A3-9474-1A3956D46DE8}") = "solution items", "solution items", "{E69925DB-399A-47B2-B534-0A00F02B3A3F}"
	ProjectSection(SolutionItems) = preProject
		.gitignore = .gitignore
	EndProjectSection
EndProject
Project("{2150E333-8FDC-42A3-9474-1A3956D46DE8}") = "src", "src", "{3CB05DAE-65C9-42CE-ADEE-4174A09E1F68}"
EndProject
Project("{9A19103F-16F7-4668-BE54-9A1E7A4F7556}") = "Pegaso.Tests", "PegasoTests\Pegaso.Tests.csproj", "{5A0762CE-F461-45D6-9E28-1A27F3E58378}"
EndProject
Project("{9A19103F-16F7-4668-BE54-9A1E7A4F7556}") = "Pegaso.Services", "Pegaso.Services\Pegaso.Services.csproj", "{25CE531B-7C13-40EB-9FEA-6CDFCEC7F288}"
EndProject
Project("{9A19103F-16F7-4668-BE54-9A1E7A4F7556}") = "Pegaso.Common", "Pegaso.Common\Pegaso.Common.csproj", "{B8DB0503-674F-44DC-84B0-555CCCAC04F4}"
EndProject
Project("{9A19103F-16F7-4668-BE54-9A1E7A4F7556}") = "Pegaso.Model", "Pegaso.Model\Pegaso.Model.csproj", "{E4442EA2-7843-4091-973E-02CAF339EA8D}"
EndProject
Global
	GlobalSection(SolutionConfigurationPlatforms) = preSolution
		Debug|Any CPU = Debug|Any CPU
		Release|Any CPU = Release|Any CPU
	EndGlobalSection
	GlobalSection(ProjectConfigurationPlatforms) = postSolution
		{D7B6A559-CB4C-4FDF-8431-C7D150F9D59C}.Debug|Any CPU.ActiveCfg = Debug|Any CPU
		{D7B6A559-CB4C-4FDF-8431-C7D150F9D59C}.Debug|Any CPU.Build.0 = Debug|Any CPU
		{D7B6A559-CB4C-4FDF-8431-C7D150F9D59C}.Release|Any CPU.ActiveCfg = Release|Any CPU
		{D7B6A559-CB4C-4FDF-8431-C7D150F9D59C}.Release|Any CPU.Build.0 = Release|Any CPU
		{5A0762CE-F461-45D6-9E28-1A27F3E58378}.Debug|Any CPU.ActiveCfg = Debug|Any CPU
		{5A0762CE-F461-45D6-9E28-1A27F3E58378}.Debug|Any CPU.Build.0 = Debug|Any CPU
		{5A0762CE-F461-45D6-9E28-1A27F3E58378}.Release|Any CPU.ActiveCfg = Release|Any CPU
		{5A0762CE-F461-45D6-9E28-1A27F3E58378}.Release|Any CPU.Build.0 = Release|Any CPU
		{25CE531B-7C13-40EB-9FEA-6CDFCEC7F288}.Debug|Any CPU.ActiveCfg = Debug|Any CPU
		{25CE531B-7C13-40EB-9FEA-6CDFCEC7F288}.Debug|Any CPU.Build.0 = Debug|Any CPU
		{25CE531B-7C13-40EB-9FEA-6CDFCEC7F288}.Release|Any CPU.ActiveCfg = Release|Any CPU
		{25CE531B-7C13-40EB-9FEA-6CDFCEC7F288}.Release|Any CPU.Build.0 = Release|Any CPU
		{B8DB0503-674F-44DC-84B0-555CCCAC04F4}.Debug|Any CPU.ActiveCfg = Debug|Any CPU
		{B8DB0503-674F-44DC-84B0-555CCCAC04F4}.Debug|Any CPU.Build.0 = Debug|Any CPU
		{B8DB0503-674F-44DC-84B0-555CCCAC04F4}.Release|Any CPU.ActiveCfg = Release|Any CPU
		{B8DB0503-674F-44DC-84B0-555CCCAC04F4}.Release|Any CPU.Build.0 = Release|Any CPU
		{E4442EA2-7843-4091-973E-02CAF339EA8D}.Debug|Any CPU.ActiveCfg = Debug|Any CPU
		{E4442EA2-7843-4091-973E-02CAF339EA8D}.Debug|Any CPU.Build.0 = Debug|Any CPU
		{E4442EA2-7843-4091-973E-02CAF339EA8D}.Release|Any CPU.ActiveCfg = Release|Any CPU
		{E4442EA2-7843-4091-973E-02CAF339EA8D}.Release|Any CPU.Build.0 = Release|Any CPU
	EndGlobalSection
	GlobalSection(SolutionProperties) = preSolution
		HideSolutionNode = FALSE
	EndGlobalSection
	GlobalSection(NestedProjects) = preSolution
		{D7B6A559-CB4C-4FDF-8431-C7D150F9D59C} = {3CB05DAE-65C9-42CE-ADEE-4174A09E1F68}
		{5A0762CE-F461-45D6-9E28-1A27F3E58378} = {3CB05DAE-65C9-42CE-ADEE-4174A09E1F68}
		{25CE531B-7C13-40EB-9FEA-6CDFCEC7F288} = {3CB05DAE-65C9-42CE-ADEE-4174A09E1F68}
		{B8DB0503-674F-44DC-84B0-555CCCAC04F4} = {3CB05DAE-65C9-42CE-ADEE-4174A09E1F68}
		{E4442EA2-7843-4091-973E-02CAF339EA8D} = {3CB05DAE-65C9-42CE-ADEE-4174A09E1F68}
	EndGlobalSection
	GlobalSection(ExtensibilityGlobals) = postSolution
		SolutionGuid = {F0300476-4DCD-4627-98F2-EC550637F9DF}
	EndGlobalSection
EndGlobal
